
Microsoft Visual Studio Solution File, Format Version 12.00
# Visual Studio Version 17
VisualStudioVersion = 17.4.33122.133
MinimumVisualStudioVersion = 10.0.40219.1
Project("{9A19103F-16F7-4668-BE54-9A1E7A4F7556}") = "LeetCode.Solutions.Tests", "LeetCode.Solutions.Tests\LeetCode.Solutions.Tests.csproj", "{4F99B2B4-EEB3-46C1-B1CB-84151BB99553}"
EndProject
Project("{9A19103F-16F7-4668-BE54-9A1E7A4F7556}") = "LeetCode.Solutions", "LeetCode.Solutions\LeetCode.Solutions.csproj", "{922CC5AC-A4CE-4113-9DDB-76192A1ABD0D}"
EndProject
Global
	GlobalSection(SolutionConfigurationPlatforms) = preSolution
		Debug|Any CPU = Debug|Any CPU
		Release|Any CPU = Release|Any CPU
	EndGlobalSection
	GlobalSection(ProjectConfigurationPlatforms) = postSolution
		{4F99B2B4-EEB3-46C1-B1CB-84151BB99553}.Debug|Any CPU.ActiveCfg = Debug|Any CPU
		{4F99B2B4-EEB3-46C1-B1CB-84151BB99553}.Debug|Any CPU.Build.0 = Debug|Any CPU
		{4F99B2B4-EEB3-46C1-B1CB-84151BB99553}.Release|Any CPU.ActiveCfg = Release|Any CPU
		{4F99B2B4-EEB3-46C1-B1CB-84151BB99553}.Release|Any CPU.Build.0 = Release|Any CPU
		{922CC5AC-A4CE-4113-9DDB-76192A1ABD0D}.Debug|Any CPU.ActiveCfg = Debug|Any CPU
		{922CC5AC-A4CE-4113-9DDB-76192A1ABD0D}.Debug|Any CPU.Build.0 = Debug|Any CPU
		{922CC5AC-A4CE-4113-9DDB-76192A1ABD0D}.Release|Any CPU.ActiveCfg = Release|Any CPU
		{922CC5AC-A4CE-4113-9DDB-76192A1ABD0D}.Release|Any CPU.Build.0 = Release|Any CPU
	EndGlobalSection
	GlobalSection(SolutionProperties) = preSolution
		HideSolutionNode = FALSE
	EndGlobalSection
	GlobalSection(ExtensibilityGlobals) = postSolution
		SolutionGuid = {6A5D707B-DA2F-4304-86E4-BBE34617006B}
	EndGlobalSection
EndGlobal
